
Microsoft Visual Studio Solution File, Format Version 12.00
# Visual Studio 15
VisualStudioVersion = 15.0.26730.16
MinimumVisualStudioVersion = 10.0.40219.1
Project("{FAE04EC0-301F-11D3-BF4B-00C04F79EFBC}") = "Lab 4 Assignment", "Lab 4 Assignment\Lab 4 Assignment.csproj", "{7E1BB29D-D155-4559-BA46-877054CD6A1A}"
EndProject
Global
	GlobalSection(SolutionConfigurationPlatforms) = preSolution
		Debug|Any CPU = Debug|Any CPU
		Release|Any CPU = Release|Any CPU
	EndGlobalSection
	GlobalSection(ProjectConfigurationPlatforms) = postSolution
		{7E1BB29D-D155-4559-BA46-877054CD6A1A}.Debug|Any CPU.ActiveCfg = Debug|Any CPU
		{7E1BB29D-D155-4559-BA46-877054CD6A1A}.Debug|Any CPU.Build.0 = Debug|Any CPU
		{7E1BB29D-D155-4559-BA46-877054CD6A1A}.Release|Any CPU.ActiveCfg = Release|Any CPU
		{7E1BB29D-D155-4559-BA46-877054CD6A1A}.Release|Any CPU.Build.0 = Release|Any CPU
	EndGlobalSection
	GlobalSection(SolutionProperties) = preSolution
		HideSolutionNode = FALSE
	EndGlobalSection
	GlobalSection(ExtensibilityGlobals) = postSolution
		SolutionGuid = {A103AD17-4CF2-4CFE-8528-F354B8629EFE}
	EndGlobalSection
EndGlobal
