
Microsoft Visual Studio Solution File, Format Version 12.00
# Visual Studio 15
VisualStudioVersion = 15.0.26730.16
MinimumVisualStudioVersion = 10.0.40219.1
Project("{FAE04EC0-301F-11D3-BF4B-00C04F79EFBC}") = "Youtube examples", "Youtube examples\Youtube examples.csproj", "{533FA4FE-177A-4625-B711-24FC1EAE7067}"
EndProject
Global
	GlobalSection(SolutionConfigurationPlatforms) = preSolution
		Debug|Any CPU = Debug|Any CPU
		Release|Any CPU = Release|Any CPU
	EndGlobalSection
	GlobalSection(ProjectConfigurationPlatforms) = postSolution
		{533FA4FE-177A-4625-B711-24FC1EAE7067}.Debug|Any CPU.ActiveCfg = Debug|Any CPU
		{533FA4FE-177A-4625-B711-24FC1EAE7067}.Debug|Any CPU.Build.0 = Debug|Any CPU
		{533FA4FE-177A-4625-B711-24FC1EAE7067}.Release|Any CPU.ActiveCfg = Release|Any CPU
		{533FA4FE-177A-4625-B711-24FC1EAE7067}.Release|Any CPU.Build.0 = Release|Any CPU
	EndGlobalSection
	GlobalSection(SolutionProperties) = preSolution
		HideSolutionNode = FALSE
	EndGlobalSection
	GlobalSection(ExtensibilityGlobals) = postSolution
		SolutionGuid = {6A59770D-EADB-4736-B5E8-820173BA22BF}
	EndGlobalSection
EndGlobal
